PODS:
  - GlitchLabel (2.0.0)
  - RAMAnimatedTabBarController (3.0.4)
  - SkyFloatingLabelTextField (3.4.0)

DEPENDENCIES:
  - GlitchLabel (~> 2.0.0)
  - RAMAnimatedTabBarController
  - SkyFloatingLabelTextField (~> 3.0)

SPEC CHECKSUMS:
  GlitchLabel: 65773d1df358ef66c8daa40428eb79bd04e7a976
  RAMAnimatedTabBarController: f4df798eb3f374b80448908d3a18586421efb8f6
  SkyFloatingLabelTextField: 703aa1420b697392b1e7dba25571180dde018477

PODFILE CHECKSUM: ae1bbede09f6da977f078a3be962307a17bcbcf5

COCOAPODS: 1.4.0
